{
  "name": "sigmx-example-hono",
  "lockfileVersion": 3,
  "requires": true,
  "packages": {
    "": {
      "name": "sigmx-example-hono",
      "dependencies": {
        "@hono/node-server": "^2.1.0",
        "hono": "^4.13.0",
        "sigmx": "^0.1.0"
      }
    },
    "node_modules/@hono/node-server": {
      "version": "2.1.1",
      "resolved": "https://registry.npmjs.org/@hono/node-server/-/node-server-2.1.1.tgz",
      "integrity": "sha512-ELuehkj5VCBdgEw9zs+ivkKwyzzUCSQuE96YmiPvn1ECBoZCczbFXJLeEGMTYjphP6gydh4pHMqEYPVMYUVgQg==",
      "license": "MIT",
      "engines": {
        "node": ">=20"
      },
      "peerDependencies": {
        "hono": "^4"
      }
    },
    "node_modules/hono": {
      "version": "4.13.7",
      "resolved": "https://registry.npmjs.org/hono/-/hono-4.13.7.tgz",
      "integrity": "sha512-c8/gF9ac8Y78/agExVocyLevgR+JlpNB444Py0FSX8pJoPdYUfUzRcXtYEYGwt6l19qIlVZPN5Mfsw9jFShmQQ==",
      "license": "MIT",
      "engines": {
        "node": ">=16.9.0"
      }
    },
    "node_modules/sigmx": {
      "version": "0.1.0",
      "resolved": "https://registry.npmjs.org/sigmx/-/sigmx-0.1.0.tgz",
      "integrity": "sha512-QtozVJvMtALM8OSxYPLuaI9yOclIugUT8sUEfJPHWeLC+oTxC8bpiy9swAaAio+ptvVX4QtRkto+534mCq2pWA==",
      "license": "MIT",
      "bin": {
        "sigmx": "dist/cli.js"
      },
      "engines": {
        "node": ">=20"
      }
    }
  }
}
